
Microsoft Visual Studio Solution File, Format Version 12.00
# Visual Studio Version 17
VisualStudioVersion = 17.6.33417.168
MinimumVisualStudioVersion = 10.0.40219.1
Project("{9A19103F-16F7-4668-BE54-9A1E7A4F7556}") = "QFE.WPF", "QFE.WPF\QFE.WPF.csproj", "{93005D10-C3F1-409E-9C20-2918B857FC8F}"
EndProject
Project("{9A19103F-16F7-4668-BE54-9A1E7A4F7556}") = "HtmlToXamlConvert", "HtmlToXamlConvert\HtmlToXamlConvert.csproj", "{F991A7FA-DFBC-48E1-A16F-8AF85E08D625}"
EndProject
Project("{6141683F-8A12-4E36-9623-2EB02B2C2303}") = "QFE.Installer", "QFE.Installer\QFE.Installer.isproj", "{51F06502-5B13-4636-836D-9CE294F76B1B}"
	ProjectSection(ProjectDependencies) = postProject
		{93005D10-C3F1-409E-9C20-2918B857FC8F} = {93005D10-C3F1-409E-9C20-2918B857FC8F}
	EndProjectSection
EndProject
Project("{FAE04EC0-301F-11D3-BF4B-00C04F79EFBC}") = "QFE.DAL", "QFE.DAL\QFE.DAL.csproj", "{DBBCB6F2-7F68-4111-B265-65B29E25ABF2}"
EndProject
Project("{FAE04EC0-301F-11D3-BF4B-00C04F79EFBC}") = "QFE.BLL", "QFE.BLL\QFE.BLL.csproj", "{5BE1D8FB-580C-4B44-8F88-63167280C9B2}"
EndProject
Global
	GlobalSection(SolutionConfigurationPlatforms) = preSolution
		CD_ROM|Any CPU = CD_ROM|Any CPU
		Debug|Any CPU = Debug|Any CPU
		DVD-5|Any CPU = DVD-5|Any CPU
		Release|Any CPU = Release|Any CPU
		SingleImage|Any CPU = SingleImage|Any CPU
	EndGlobalSection
	GlobalSection(ProjectConfigurationPlatforms) = postSolution
		{93005D10-C3F1-409E-9C20-2918B857FC8F}.CD_ROM|Any CPU.ActiveCfg = Release|Any CPU
		{93005D10-C3F1-409E-9C20-2918B857FC8F}.CD_ROM|Any CPU.Build.0 = Release|Any CPU
		{93005D10-C3F1-409E-9C20-2918B857FC8F}.Debug|Any CPU.ActiveCfg = Debug|Any CPU
		{93005D10-C3F1-409E-9C20-2918B857FC8F}.Debug|Any CPU.Build.0 = Debug|Any CPU
		{93005D10-C3F1-409E-9C20-2918B857FC8F}.DVD-5|Any CPU.ActiveCfg = Debug|Any CPU
		{93005D10-C3F1-409E-9C20-2918B857FC8F}.DVD-5|Any CPU.Build.0 = Debug|Any CPU
		{93005D10-C3F1-409E-9C20-2918B857FC8F}.Release|Any CPU.ActiveCfg = Release|Any CPU
		{93005D10-C3F1-409E-9C20-2918B857FC8F}.Release|Any CPU.Build.0 = Release|Any CPU
		{93005D10-C3F1-409E-9C20-2918B857FC8F}.SingleImage|Any CPU.ActiveCfg = Release|Any CPU
		{93005D10-C3F1-409E-9C20-2918B857FC8F}.SingleImage|Any CPU.Build.0 = Release|Any CPU
		{F991A7FA-DFBC-48E1-A16F-8AF85E08D625}.CD_ROM|Any CPU.ActiveCfg = Release|Any CPU
		{F991A7FA-DFBC-48E1-A16F-8AF85E08D625}.CD_ROM|Any CPU.Build.0 = Release|Any CPU
		{F991A7FA-DFBC-48E1-A16F-8AF85E08D625}.Debug|Any CPU.ActiveCfg = Debug|Any CPU
		{F991A7FA-DFBC-48E1-A16F-8AF85E08D625}.Debug|Any CPU.Build.0 = Debug|Any CPU
		{F991A7FA-DFBC-48E1-A16F-8AF85E08D625}.DVD-5|Any CPU.ActiveCfg = Debug|Any CPU
		{F991A7FA-DFBC-48E1-A16F-8AF85E08D625}.DVD-5|Any CPU.Build.0 = Debug|Any CPU
		{F991A7FA-DFBC-48E1-A16F-8AF85E08D625}.Release|Any CPU.ActiveCfg = Release|Any CPU
		{F991A7FA-DFBC-48E1-A16F-8AF85E08D625}.Release|Any CPU.Build.0 = Release|Any CPU
		{F991A7FA-DFBC-48E1-A16F-8AF85E08D625}.SingleImage|Any CPU.ActiveCfg = Release|Any CPU
		{F991A7FA-DFBC-48E1-A16F-8AF85E08D625}.SingleImage|Any CPU.Build.0 = Release|Any CPU
		{51F06502-5B13-4636-836D-9CE294F76B1B}.CD_ROM|Any CPU.ActiveCfg = CD_ROM
		{51F06502-5B13-4636-836D-9CE294F76B1B}.CD_ROM|Any CPU.Build.0 = CD_ROM
		{51F06502-5B13-4636-836D-9CE294F76B1B}.Debug|Any CPU.ActiveCfg = DVD-5
		{51F06502-5B13-4636-836D-9CE294F76B1B}.Debug|Any CPU.Build.0 = DVD-5
		{51F06502-5B13-4636-836D-9CE294F76B1B}.DVD-5|Any CPU.ActiveCfg = DVD-5
		{51F06502-5B13-4636-836D-9CE294F76B1B}.DVD-5|Any CPU.Build.0 = DVD-5
		{51F06502-5B13-4636-836D-9CE294F76B1B}.Release|Any CPU.ActiveCfg = SingleImage
		{51F06502-5B13-4636-836D-9CE294F76B1B}.Release|Any CPU.Build.0 = SingleImage
		{51F06502-5B13-4636-836D-9CE294F76B1B}.SingleImage|Any CPU.ActiveCfg = SingleImage
		{51F06502-5B13-4636-836D-9CE294F76B1B}.SingleImage|Any CPU.Build.0 = SingleImage
		{DBBCB6F2-7F68-4111-B265-65B29E25ABF2}.CD_ROM|Any CPU.ActiveCfg = Debug|Any CPU
		{DBBCB6F2-7F68-4111-B265-65B29E25ABF2}.CD_ROM|Any CPU.Build.0 = Debug|Any CPU
		{DBBCB6F2-7F68-4111-B265-65B29E25ABF2}.Debug|Any CPU.ActiveCfg = Debug|Any CPU
		{DBBCB6F2-7F68-4111-B265-65B29E25ABF2}.Debug|Any CPU.Build.0 = Debug|Any CPU
		{DBBCB6F2-7F68-4111-B265-65B29E25ABF2}.DVD-5|Any CPU.ActiveCfg = Debug|Any CPU
		{DBBCB6F2-7F68-4111-B265-65B29E25ABF2}.DVD-5|Any CPU.Build.0 = Debug|Any CPU
		{DBBCB6F2-7F68-4111-B265-65B29E25ABF2}.Release|Any CPU.ActiveCfg = Release|Any CPU
		{DBBCB6F2-7F68-4111-B265-65B29E25ABF2}.Release|Any CPU.Build.0 = Release|Any CPU
		{DBBCB6F2-7F68-4111-B265-65B29E25ABF2}.SingleImage|Any CPU.ActiveCfg = Debug|Any CPU
		{DBBCB6F2-7F68-4111-B265-65B29E25ABF2}.SingleImage|Any CPU.Build.0 = Debug|Any CPU
		{5BE1D8FB-580C-4B44-8F88-63167280C9B2}.CD_ROM|Any CPU.ActiveCfg = Debug|Any CPU
		{5BE1D8FB-580C-4B44-8F88-63167280C9B2}.CD_ROM|Any CPU.Build.0 = Debug|Any CPU
		{5BE1D8FB-580C-4B44-8F88-63167280C9B2}.Debug|Any CPU.ActiveCfg = Debug|Any CPU
		{5BE1D8FB-580C-4B44-8F88-63167280C9B2}.Debug|Any CPU.Build.0 = Debug|Any CPU
		{5BE1D8FB-580C-4B44-8F88-63167280C9B2}.DVD-5|Any CPU.ActiveCfg = Debug|Any CPU
		{5BE1D8FB-580C-4B44-8F88-63167280C9B2}.DVD-5|Any CPU.Build.0 = Debug|Any CPU
		{5BE1D8FB-580C-4B44-8F88-63167280C9B2}.Release|Any CPU.ActiveCfg = Release|Any CPU
		{5BE1D8FB-580C-4B44-8F88-63167280C9B2}.Release|Any CPU.Build.0 = Release|Any CPU
		{5BE1D8FB-580C-4B44-8F88-63167280C9B2}.SingleImage|Any CPU.ActiveCfg = Debug|Any CPU
		{5BE1D8FB-580C-4B44-8F88-63167280C9B2}.SingleImage|Any CPU.Build.0 = Debug|Any CPU
	EndGlobalSection
	GlobalSection(SolutionProperties) = preSolution
		HideSolutionNode = FALSE
	EndGlobalSection
	GlobalSection(ExtensibilityGlobals) = postSolution
		SolutionGuid = {C268DECC-C623-475E-8A38-58D986562492}
	EndGlobalSection
EndGlobal
